
Microsoft Visual Studio Solution File, Format Version 12.00
# Visual Studio Version 16
VisualStudioVersion = 16.0.30611.23
MinimumVisualStudioVersion = 10.0.40219.1
Project("{FAE04EC0-301F-11D3-BF4B-00C04F79EFBC}") = "Fitness_CourseWork", "Fitness_CourseWork\Fitness_CourseWork.csproj", "{4BD5804F-0727-4260-830F-A234C2692CA1}"
EndProject
Global
	GlobalSection(SolutionConfigurationPlatforms) = preSolution
		Debug|Any CPU = Debug|Any CPU
		Release|Any CPU = Release|Any CPU
	EndGlobalSection
	GlobalSection(ProjectConfigurationPlatforms) = postSolution
		{4BD5804F-0727-4260-830F-A234C2692CA1}.Debug|Any CPU.ActiveCfg = Debug|Any CPU
		{4BD5804F-0727-4260-830F-A234C2692CA1}.Debug|Any CPU.Build.0 = Debug|Any CPU
		{4BD5804F-0727-4260-830F-A234C2692CA1}.Release|Any CPU.ActiveCfg = Release|Any CPU
		{4BD5804F-0727-4260-830F-A234C2692CA1}.Release|Any CPU.Build.0 = Release|Any CPU
	EndGlobalSection
	GlobalSection(SolutionProperties) = preSolution
		HideSolutionNode = FALSE
	EndGlobalSection
	GlobalSection(ExtensibilityGlobals) = postSolution
		SolutionGuid = {08411A70-6E21-4E73-B94F-10B0905B351D}
	EndGlobalSection
EndGlobal
